
Microsoft Visual Studio Solution File, Format Version 12.00
# Visual Studio Version 16
VisualStudioVersion = 16.0.32630.194
MinimumVisualStudioVersion = 10.0.40219.1
Project("{9A19103F-16F7-4668-BE54-9A1E7A4F7556}") = "Poseidon.Api", "Poseidon.Api\Poseidon.Api.csproj", "{EDABB2D0-2372-487D-BFBF-2DFD04E5E005}"
	ProjectSection(ProjectDependencies) = postProject
		{61424012-048E-4C4A-BC93-A3C1002EBCAF} = {61424012-048E-4C4A-BC93-A3C1002EBCAF}
		{6098CC3B-755B-4720-97E8-EAAE67DA3D7C} = {6098CC3B-755B-4720-97E8-EAAE67DA3D7C}
		{7A0FDB87-FFA2-47B2-A53C-B6F5B61F1FC7} = {7A0FDB87-FFA2-47B2-A53C-B6F5B61F1FC7}
		{C0192EDE-9866-419B-814B-3724AC25DC4A} = {C0192EDE-9866-419B-814B-3724AC25DC4A}
		{E8F2F3F5-3183-443C-9B1B-2737D08D83A0} = {E8F2F3F5-3183-443C-9B1B-2737D08D83A0}
	EndProjectSection
EndProject
Project("{9A19103F-16F7-4668-BE54-9A1E7A4F7556}") = "Poseidon.Api.Models", "Poseidon.Api.Models\Poseidon.Api.Models.csproj", "{7A0FDB87-FFA2-47B2-A53C-B6F5B61F1FC7}"
EndProject
Project("{9A19103F-16F7-4668-BE54-9A1E7A4F7556}") = "Poseidon.Entities", "Poseidon.Entities\Poseidon.Entities.csproj", "{6098CC3B-755B-4720-97E8-EAAE67DA3D7C}"
EndProject
Project("{9A19103F-16F7-4668-BE54-9A1E7A4F7556}") = "Poseidon.ApplicationServices", "Poseidon.ApplicationServices\Poseidon.ApplicationServices.csproj", "{61424012-048E-4C4A-BC93-A3C1002EBCAF}"
EndProject
Project("{9A19103F-16F7-4668-BE54-9A1E7A4F7556}") = "Poseidon.Repositories", "Poseidon.Repositories\Poseidon.Repositories.csproj", "{E8F2F3F5-3183-443C-9B1B-2737D08D83A0}"
EndProject
Project("{2150E333-8FDC-42A3-9474-1A3956D46DE8}") = "Src", "Src", "{98BE099F-2471-44AB-8956-1ECBDF2C65C5}"
EndProject
Project("{9A19103F-16F7-4668-BE54-9A1E7A4F7556}") = "Poseidon.InfrastructureServices", "Poseidon.InfrastructureServices\Poseidon.InfrastructureServices.csproj", "{C0192EDE-9866-419B-814B-3724AC25DC4A}"
EndProject
Project("{2150E333-8FDC-42A3-9474-1A3956D46DE8}") = "Tests", "Tests", "{6CB63A6B-6FA8-4EC6-B9BC-F3B653CC0526}"
EndProject
Project("{9A19103F-16F7-4668-BE54-9A1E7A4F7556}") = "Poseidon.UnitTests", "Poseidon.UnitTests\Poseidon.UnitTests.csproj", "{BAB3A908-0589-4507-BF40-0A3E8A551B8F}"
EndProject
Project("{9A19103F-16F7-4668-BE54-9A1E7A4F7556}") = "Poseidon.IntegrationTest", "Poseidon.IntegrationTest\Poseidon.IntegrationTest.csproj", "{B518A9FE-AB85-430A-A31C-7EA832700EAD}"
EndProject
Project("{9A19103F-16F7-4668-BE54-9A1E7A4F7556}") = "Poseidon.Migrations", "Poseidon.Migrations\Poseidon.Migrations.csproj", "{82402B2C-5DDE-49C6-A3FD-DD0571C7828E}"
EndProject
Project("{2150E333-8FDC-42A3-9474-1A3956D46DE8}") = "BBDD", "BBDD", "{C6A0B212-2D2C-44AA-AA3D-5DD75739C05B}"
EndProject
Global
	GlobalSection(SolutionConfigurationPlatforms) = preSolution
		Debug|Any CPU = Debug|Any CPU
		Release|Any CPU = Release|Any CPU
	EndGlobalSection
	GlobalSection(ProjectConfigurationPlatforms) = postSolution
		{EDABB2D0-2372-487D-BFBF-2DFD04E5E005}.Debug|Any CPU.ActiveCfg = Debug|Any CPU
		{EDABB2D0-2372-487D-BFBF-2DFD04E5E005}.Debug|Any CPU.Build.0 = Debug|Any CPU
		{EDABB2D0-2372-487D-BFBF-2DFD04E5E005}.Release|Any CPU.ActiveCfg = Release|Any CPU
		{EDABB2D0-2372-487D-BFBF-2DFD04E5E005}.Release|Any CPU.Build.0 = Release|Any CPU
		{7A0FDB87-FFA2-47B2-A53C-B6F5B61F1FC7}.Debug|Any CPU.ActiveCfg = Debug|Any CPU
		{7A0FDB87-FFA2-47B2-A53C-B6F5B61F1FC7}.Debug|Any CPU.Build.0 = Debug|Any CPU
		{7A0FDB87-FFA2-47B2-A53C-B6F5B61F1FC7}.Release|Any CPU.ActiveCfg = Release|Any CPU
		{7A0FDB87-FFA2-47B2-A53C-B6F5B61F1FC7}.Release|Any CPU.Build.0 = Release|Any CPU
		{6098CC3B-755B-4720-97E8-EAAE67DA3D7C}.Debug|Any CPU.ActiveCfg = Debug|Any CPU
		{6098CC3B-755B-4720-97E8-EAAE67DA3D7C}.Debug|Any CPU.Build.0 = Debug|Any CPU
		{6098CC3B-755B-4720-97E8-EAAE67DA3D7C}.Release|Any CPU.ActiveCfg = Release|Any CPU
		{6098CC3B-755B-4720-97E8-EAAE67DA3D7C}.Release|Any CPU.Build.0 = Release|Any CPU
		{61424012-048E-4C4A-BC93-A3C1002EBCAF}.Debug|Any CPU.ActiveCfg = Debug|Any CPU
		{61424012-048E-4C4A-BC93-A3C1002EBCAF}.Debug|Any CPU.Build.0 = Debug|Any CPU
		{61424012-048E-4C4A-BC93-A3C1002EBCAF}.Release|Any CPU.ActiveCfg = Release|Any CPU
		{61424012-048E-4C4A-BC93-A3C1002EBCAF}.Release|Any CPU.Build.0 = Release|Any CPU
		{E8F2F3F5-3183-443C-9B1B-2737D08D83A0}.Debug|Any CPU.ActiveCfg = Debug|Any CPU
		{E8F2F3F5-3183-443C-9B1B-2737D08D83A0}.Debug|Any CPU.Build.0 = Debug|Any CPU
		{E8F2F3F5-3183-443C-9B1B-2737D08D83A0}.Release|Any CPU.ActiveCfg = Release|Any CPU
		{E8F2F3F5-3183-443C-9B1B-2737D08D83A0}.Release|Any CPU.Build.0 = Release|Any CPU
		{C0192EDE-9866-419B-814B-3724AC25DC4A}.Debug|Any CPU.ActiveCfg = Debug|Any CPU
		{C0192EDE-9866-419B-814B-3724AC25DC4A}.Debug|Any CPU.Build.0 = Debug|Any CPU
		{C0192EDE-9866-419B-814B-3724AC25DC4A}.Release|Any CPU.ActiveCfg = Release|Any CPU
		{C0192EDE-9866-419B-814B-3724AC25DC4A}.Release|Any CPU.Build.0 = Release|Any CPU
		{BAB3A908-0589-4507-BF40-0A3E8A551B8F}.Debug|Any CPU.ActiveCfg = Debug|Any CPU
		{BAB3A908-0589-4507-BF40-0A3E8A551B8F}.Debug|Any CPU.Build.0 = Debug|Any CPU
		{BAB3A908-0589-4507-BF40-0A3E8A551B8F}.Release|Any CPU.ActiveCfg = Release|Any CPU
		{BAB3A908-0589-4507-BF40-0A3E8A551B8F}.Release|Any CPU.Build.0 = Release|Any CPU
		{B518A9FE-AB85-430A-A31C-7EA832700EAD}.Debug|Any CPU.ActiveCfg = Debug|Any CPU
		{B518A9FE-AB85-430A-A31C-7EA832700EAD}.Debug|Any CPU.Build.0 = Debug|Any CPU
		{B518A9FE-AB85-430A-A31C-7EA832700EAD}.Release|Any CPU.ActiveCfg = Release|Any CPU
		{B518A9FE-AB85-430A-A31C-7EA832700EAD}.Release|Any CPU.Build.0 = Release|Any CPU
		{82402B2C-5DDE-49C6-A3FD-DD0571C7828E}.Debug|Any CPU.ActiveCfg = Debug|Any CPU
		{82402B2C-5DDE-49C6-A3FD-DD0571C7828E}.Debug|Any CPU.Build.0 = Debug|Any CPU
		{82402B2C-5DDE-49C6-A3FD-DD0571C7828E}.Release|Any CPU.ActiveCfg = Release|Any CPU
		{82402B2C-5DDE-49C6-A3FD-DD0571C7828E}.Release|Any CPU.Build.0 = Release|Any CPU
	EndGlobalSection
	GlobalSection(SolutionProperties) = preSolution
		HideSolutionNode = FALSE
	EndGlobalSection
	GlobalSection(NestedProjects) = preSolution
		{EDABB2D0-2372-487D-BFBF-2DFD04E5E005} = {98BE099F-2471-44AB-8956-1ECBDF2C65C5}
		{7A0FDB87-FFA2-47B2-A53C-B6F5B61F1FC7} = {98BE099F-2471-44AB-8956-1ECBDF2C65C5}
		{6098CC3B-755B-4720-97E8-EAAE67DA3D7C} = {98BE099F-2471-44AB-8956-1ECBDF2C65C5}
		{61424012-048E-4C4A-BC93-A3C1002EBCAF} = {98BE099F-2471-44AB-8956-1ECBDF2C65C5}
		{E8F2F3F5-3183-443C-9B1B-2737D08D83A0} = {98BE099F-2471-44AB-8956-1ECBDF2C65C5}
		{C0192EDE-9866-419B-814B-3724AC25DC4A} = {98BE099F-2471-44AB-8956-1ECBDF2C65C5}
		{BAB3A908-0589-4507-BF40-0A3E8A551B8F} = {6CB63A6B-6FA8-4EC6-B9BC-F3B653CC0526}
		{B518A9FE-AB85-430A-A31C-7EA832700EAD} = {6CB63A6B-6FA8-4EC6-B9BC-F3B653CC0526}
	EndGlobalSection
	GlobalSection(ExtensibilityGlobals) = postSolution
		SolutionGuid = {E863BD60-950D-4DC5-AEEF-F4BCB82D622D}
	EndGlobalSection
EndGlobal
