
Microsoft Visual Studio Solution File, Format Version 12.00
# Visual Studio Version 17
VisualStudioVersion = 17.7.34202.233
MinimumVisualStudioVersion = 10.0.40219.1
Project("{FAE04EC0-301F-11D3-BF4B-00C04F79EFBC}") = "CodeFirstExistingDatabaseSample", "CodeFirstExistingDatabaseSample\CodeFirstExistingDatabaseSample.csproj", "{E520AA95-1051-4B35-A5C6-61D84A1FC58F}"
EndProject
Global
	GlobalSection(SolutionConfigurationPlatforms) = preSolution
		Debug|Any CPU = Debug|Any CPU
		Release|Any CPU = Release|Any CPU
	EndGlobalSection
	GlobalSection(ProjectConfigurationPlatforms) = postSolution
		{E520AA95-1051-4B35-A5C6-61D84A1FC58F}.Debug|Any CPU.ActiveCfg = Debug|Any CPU
		{E520AA95-1051-4B35-A5C6-61D84A1FC58F}.Debug|Any CPU.Build.0 = Debug|Any CPU
		{E520AA95-1051-4B35-A5C6-61D84A1FC58F}.Release|Any CPU.ActiveCfg = Release|Any CPU
		{E520AA95-1051-4B35-A5C6-61D84A1FC58F}.Release|Any CPU.Build.0 = Release|Any CPU
	EndGlobalSection
	GlobalSection(SolutionProperties) = preSolution
		HideSolutionNode = FALSE
	EndGlobalSection
	GlobalSection(ExtensibilityGlobals) = postSolution
		SolutionGuid = {4D78FF67-CEDA-416E-8C1D-13CE95A0998A}
	EndGlobalSection
EndGlobal
